
Microsoft Visual Studio Solution File, Format Version 12.00
Project("{FAE04EC0-301F-11D3-BF4B-00C04F79EFBC}") = "Plex.Net.Example", "Plex.Net.Example\Plex.Net.Example.csproj", "{AC58AA7D-2214-4E21-A3F4-FD211B9816DB}"
EndProject
Global
	GlobalSection(SolutionConfigurationPlatforms) = preSolution
		Debug|Any CPU = Debug|Any CPU
		Release|Any CPU = Release|Any CPU
	EndGlobalSection
	GlobalSection(ProjectConfigurationPlatforms) = postSolution
		{AC58AA7D-2214-4E21-A3F4-FD211B9816DB}.Debug|Any CPU.ActiveCfg = Debug|Any CPU
		{AC58AA7D-2214-4E21-A3F4-FD211B9816DB}.Debug|Any CPU.Build.0 = Debug|Any CPU
		{AC58AA7D-2214-4E21-A3F4-FD211B9816DB}.Release|Any CPU.ActiveCfg = Release|Any CPU
		{AC58AA7D-2214-4E21-A3F4-FD211B9816DB}.Release|Any CPU.Build.0 = Release|Any CPU
	EndGlobalSection
EndGlobal
